
Microsoft Visual Studio Solution File, Format Version 12.00
# Visual Studio Version 16
VisualStudioVersion = 16.0.32106.194
MinimumVisualStudioVersion = 10.0.40219.1
Project("{FAE04EC0-301F-11D3-BF4B-00C04F79EFBC}") = "EF", "LINQ\EF.csproj", "{02DF353F-AB31-4868-8256-3EC513A61A03}"
EndProject
Global
	GlobalSection(SolutionConfigurationPlatforms) = preSolution
		Debug|Any CPU = Debug|Any CPU
		Release|Any CPU = Release|Any CPU
	EndGlobalSection
	GlobalSection(ProjectConfigurationPlatforms) = postSolution
		{02DF353F-AB31-4868-8256-3EC513A61A03}.Debug|Any CPU.ActiveCfg = Debug|Any CPU
		{02DF353F-AB31-4868-8256-3EC513A61A03}.Debug|Any CPU.Build.0 = Debug|Any CPU
		{02DF353F-AB31-4868-8256-3EC513A61A03}.Release|Any CPU.ActiveCfg = Release|Any CPU
		{02DF353F-AB31-4868-8256-3EC513A61A03}.Release|Any CPU.Build.0 = Release|Any CPU
	EndGlobalSection
	GlobalSection(SolutionProperties) = preSolution
		HideSolutionNode = FALSE
	EndGlobalSection
	GlobalSection(ExtensibilityGlobals) = postSolution
		SolutionGuid = {0B2C0C4D-88AB-41C0-94D7-130E4BCB4A6F}
	EndGlobalSection
EndGlobal
